
Microsoft Visual Studio Solution File, Format Version 12.00
# Visual Studio Version 17
VisualStudioVersion = 17.3.32922.545
MinimumVisualStudioVersion = 10.0.40219.1
Project("{F184B08F-C81C-45F6-A57F-5ABD9991F28F}") = "WinFormsApp1", "WinFormsApp1.vbproj", "{ACF568BA-92CD-479B-92FC-63710B8A1545}"
EndProject
Global
	GlobalSection(SolutionConfigurationPlatforms) = preSolution
		Debug|Any CPU = Debug|Any CPU
		Release|Any CPU = Release|Any CPU
	EndGlobalSection
	GlobalSection(ProjectConfigurationPlatforms) = postSolution
		{ACF568BA-92CD-479B-92FC-63710B8A1545}.Debug|Any CPU.ActiveCfg = Debug|Any CPU
		{ACF568BA-92CD-479B-92FC-63710B8A1545}.Debug|Any CPU.Build.0 = Debug|Any CPU
		{ACF568BA-92CD-479B-92FC-63710B8A1545}.Release|Any CPU.ActiveCfg = Release|Any CPU
		{ACF568BA-92CD-479B-92FC-63710B8A1545}.Release|Any CPU.Build.0 = Release|Any CPU
	EndGlobalSection
	GlobalSection(SolutionProperties) = preSolution
		HideSolutionNode = FALSE
	EndGlobalSection
	GlobalSection(ExtensibilityGlobals) = postSolution
		SolutionGuid = {1708F495-D69C-4457-9EA0-F71D313FA401}
	EndGlobalSection
EndGlobal
